// !$*UTF8*$!
{
	archiveVersion = 1;
	classes = {
	};
	objectVersion = 46;
	objects = {

/* Begin PBXBuildFile section */
		1848F0DB1CE1AD660008375C /* main.m in Sources */ = {isa = PBXBuildFile; fileRef = 1848F0DA1CE1AD660008375C /* main.m */; };
		1848F0DE1CE1AD660008375C /* AppDelegate.m in Sources */ = {isa = PBXBuildFile; fileRef = 1848F0DD1CE1AD660008375C /* AppDelegate.m */; };
		1848F0E11CE1AD660008375C /* ViewController.m in Sources */ = {isa = PBXBuildFile; fileRef = 1848F0E01CE1AD660008375C /* ViewController.m */; };
		1848F0E41CE1AD660008375C /* Main.storyboard in Resources */ = {isa = PBXBuildFile; fileRef = 1848F0E21CE1AD660008375C /* Main.storyboard */; };
		1848F0E61CE1AD660008375C /* Assets.xcassets in Resources */ = {isa = PBXBuildFile; fileRef = 1848F0E51CE1AD660008375C /* Assets.xcassets */; };
		1848F0E91CE1AD660008375C /* LaunchScreen.storyboard in Resources */ = {isa = PBXBuildFile; fileRef = 1848F0E71CE1AD660008375C /* LaunchScreen.storyboard */; };
		1848F0F41CE1AD660008375C /* baiduMapDemoTests.m in Sources */ = {isa = PBXBuildFile; fileRef = 1848F0F31CE1AD660008375C /* baiduMapDemoTests.m */; };
		1848F0FF1CE1AD670008375C /* baiduMapDemoUITests.m in Sources */ = {isa = PBXBuildFile; fileRef = 1848F0FE1CE1AD670008375C /* baiduMapDemoUITests.m */; };
/* End PBXBuildFile section */

/* Begin PBXContainerItemProxy section */
		1848F0F01CE1AD660008375C /* PBXContainerItemProxy */ = {
			isa = PBXContainerItemProxy;
			containerPortal = 1848F0CE1CE1AD660008375C /* Project object */;
			proxyType = 1;
			remoteGlobalIDString = 1848F0D51CE1AD660008375C;
			remoteInfo = baiduMapDemo;
		};
		1848F0FB1CE1AD670008375C /* PBXContainerItemProxy */ = {
			isa = PBXContainerItemProxy;
			containerPortal = 1848F0CE1CE1AD660008375C /* Project object */;
			proxyType = 1;
			remoteGlobalIDString = 1848F0D51CE1AD660008375C;
			remoteInfo = baiduMapDemo;
		};
/* End PBXContainerItemProxy section */

/* Begin PBXFileReference section */
		1848F0D61CE1AD660008375C /* baiduMapDemo.app */ = {isa = PBXFileReference; explicitFileType = wrapper.application; includeInIndex = 0; path = baiduMapDemo.app; sourceTree = BUILT_PRODUCTS_DIR; };
		1848F0DA1CE1AD660008375C /* main.m */ = {isa = PBXFileReference; lastKnownFileType = sourcecode.c.objc; path = main.m; sourceTree = "<group>"; };
		1848F0DC1CE1AD660008375C /* AppDelegate.h */ = {isa = PBXFileReference; lastKnownFileType = sourcecode.c.h; path = AppDelegate.h; sourceTree = "<group>"; };
		1848F0DD1CE1AD660008375C /* AppDelegate.m */ = {isa = PBXFileReference; lastKnownFileType = sourcecode.c.objc; path = AppDelegate.m; sourceTree = "<group>"; };
		1848F0DF1CE1AD660008375C /* ViewController.h */ = {isa = PBXFileReference; lastKnownFileType = sourcecode.c.h; path = ViewController.h; sourceTree = "<group>"; };
		1848F0E01CE1AD660008375C /* ViewController.m */ = {isa = PBXFileReference; lastKnownFileType = sourcecode.c.objc; path = ViewController.m; sourceTree = "<group>"; };
		1848F0E31CE1AD660008375C /* Base */ = {isa = PBXFileReference; lastKnownFileType = file.storyboard; name = Base; path = Base.lproj/Main.storyboard; sourceTree = "<group>"; };
		1848F0E51CE1AD660008375C /* Assets.xcassets */ = {isa = PBXFileReference; lastKnownFileType = folder.assetcatalog; path = Assets.xcassets; sourceTree = "<group>"; };
		1848F0E81CE1AD660008375C /* Base */ = {isa = PBXFileReference; lastKnownFileType = file.storyboard; name = Base; path = Base.lproj/LaunchScreen.storyboard; sourceTree = "<group>"; };
		1848F0EA1CE1AD660008375C /* Info.plist */ = {isa = PBXFileReference; lastKnownFileType = text.plist.xml; path = Info.plist; sourceTree = "<group>"; };
		1848F0EF1CE1AD660008375C /* baiduMapDemoTests.xctest */ = {isa = PBXFileReference; explicitFileType = wrapper.cfbundle; includeInIndex = 0; path = baiduMapDemoTests.xctest; sourceTree = BUILT_PRODUCTS_DIR; };
		1848F0F31CE1AD660008375C /* baiduMapDemoTests.m */ = {isa = PBXFileReference; lastKnownFileType = sourcecode.c.objc; path = baiduMapDemoTests.m; sourceTree = "<group>"; };
		1848F0F51CE1AD660008375C /* Info.plist */ = {isa = PBXFileReference; lastKnownFileType = text.plist.xml; path = Info.plist; sourceTree = "<group>"; };
		1848F0FA1CE1AD670008375C /* baiduMapDemoUITests.xctest */ = {isa = PBXFileReference; explicitFileType = wrapper.cfbundle; includeInIndex = 0; path = baiduMapDemoUITests.xctest; sourceTree = BUILT_PRODUCTS_DIR; };
		1848F0FE1CE1AD670008375C /* baiduMapDemoUITests.m */ = {isa = PBXFileReference; lastKnownFileType = sourcecode.c.objc; path = baiduMapDemoUITests.m; sourceTree = "<group>"; };
		1848F1001CE1AD670008375C /* Info.plist */ = {isa = PBXFileReference; lastKnownFileType = text.plist.xml; path = Info.plist; sourceTree = "<group>"; };
/* End PBXFileReference section */

/* Begin PBXFrameworksBuildPhase section */
		1848F0D31CE1AD660008375C /* Frameworks */ = {
			isa = PBXFrameworksBuildPhase;
			buildActionMask = 2147483647;
			files = (
			);
			runOnlyForDeploymentPostprocessing = 0;
		};
		1848F0EC1CE1AD660008375C /* Frameworks */ = {
			isa = PBXFrameworksBuildPhase;
			buildActionMask = 2147483647;
			files = (
			);
			runOnlyForDeploymentPostprocessing = 0;
		};
		1848F0F71CE1AD670008375C /* Frameworks */ = {
			isa = PBXFrameworksBuildPhase;
			buildActionMask = 2147483647;
			files = (
			);
			runOnlyForDeploymentPostprocessing = 0;
		};
/* End PBXFrameworksBuildPhase section */

/* Begin PBXGroup section */
		1848F0CD1CE1AD660008375C = {
			isa = PBXGroup;
			children = (
				1848F0D81CE1AD660008375C /* baiduMapDemo */,
				1848F0F21CE1AD660008375C /* baiduMapDemoTests */,
				1848F0FD1CE1AD670008375C /* baiduMapDemoUITests */,
				1848F0D71CE1AD660008375C /* Products */,
			);
			sourceTree = "<group>";
		};
		1848F0D71CE1AD660008375C /* Products */ = {
			isa = PBXGroup;
			children = (
				1848F0D61CE1AD660008375C /* baiduMapDemo.app */,
				1848F0EF1CE1AD660008375C /* baiduMapDemoTests.xctest */,
				1848F0FA1CE1AD670008375C /* baiduMapDemoUITests.xctest */,
			);
			name = Products;
			sourceTree = "<group>";
		};
		1848F0D81CE1AD660008375C /* baiduMapDemo */ = {
			isa = PBXGroup;
			children = (
				1848F0DC1CE1AD660008375C /* AppDelegate.h */,
				1848F0DD1CE1AD660008375C /* AppDelegate.m */,
				1848F0DF1CE1AD660008375C /* ViewController.h */,
				1848F0E01CE1AD660008375C /* ViewController.m */,
				1848F0E21CE1AD660008375C /* Main.storyboard */,
				1848F0E51CE1AD660008375C /* Assets.xcassets */,
				1848F0E71CE1AD660008375C /* LaunchScreen.storyboard */,
				1848F0EA1CE1AD660008375C /* Info.plist */,
				1848F0D91CE1AD660008375C /* Supporting Files */,
			);
			path = baiduMapDemo;
			sourceTree = "<group>";
		};
		1848F0D91CE1AD660008375C /* Supporting Files */ = {
			isa = PBXGroup;
			children = (
				1848F0DA1CE1AD660008375C /* main.m */,
			);
			name = "Supporting Files";
			sourceTree = "<group>";
		};
		1848F0F21CE1AD660008375C /* baiduMapDemoTests */ = {
			isa = PBXGroup;
			children = (
				1848F0F31CE1AD660008375C /* baiduMapDemoTests.m */,
				1848F0F51CE1AD660008375C /* Info.plist */,
			);
			path = baiduMapDemoTests;
			sourceTree = "<group>";
		};
		1848F0FD1CE1AD670008375C /* baiduMapDemoUITests */ = {
			isa = PBXGroup;
			children = (
				1848F0FE1CE1AD670008375C /* baiduMapDemoUITests.m */,
				1848F1001CE1AD670008375C /* Info.plist */,
			);
			path = baiduMapDemoUITests;
			sourceTree = "<group>";
		};
/* End PBXGroup section */

/* Begin PBXNativeTarget section */
		1848F0D51CE1AD660008375C /* baiduMapDemo */ = {
			isa = PBXNativeTarget;
			buildConfigurationList = 1848F1031CE1AD670008375C /* Build configuration list for PBXNativeTarget "baiduMapDemo" */;
			buildPhases = (
				1848F0D21CE1AD660008375C /* Sources */,
				1848F0D31CE1AD660008375C /* Frameworks */,
				1848F0D41CE1AD660008375C /* Resources */,
			);
			buildRules = (
			);
			dependencies = (
			);
			name = baiduMapDemo;
			productName = baiduMapDemo;
			productReference = 1848F0D61CE1AD660008375C /* baiduMapDemo.app */;
			productType = "com.apple.product-type.application";
		};
		1848F0EE1CE1AD660008375C /* baiduMapDemoTests */ = {
			isa = PBXNativeTarget;
			buildConfigurationList = 1848F1061CE1AD670008375C /* Build configuration list for PBXNativeTarget "baiduMapDemoTests" */;
			buildPhases = (
				1848F0EB1CE1AD660008375C /* Sources */,
				1848F0EC1CE1AD660008375C /* Frameworks */,
				1848F0ED1CE1AD660008375C /* Resources */,
			);
			buildRules = (
			);
			dependencies = (
				1848F0F11CE1AD660008375C /* PBXTargetDependency */,
			);
			name = baiduMapDemoTests;
			productName = baiduMapDemoTests;
			productReference = 1848F0EF1CE1AD660008375C /* baiduMapDemoTests.xctest */;
			productType = "com.apple.product-type.bundle.unit-test";
		};
		1848F0F91CE1AD670008375C /* baiduMapDemoUITests */ = {
			isa = PBXNativeTarget;
			buildConfigurationList = 1848F1091CE1AD670008375C /* Build configuration list for PBXNativeTarget "baiduMapDemoUITests" */;
			buildPhases = (
				1848F0F61CE1AD670008375C /* Sources */,
				1848F0F71CE1AD670008375C /* Frameworks */,
				1848F0F81CE1AD670008375C /* Resources */,
			);
			buildRules = (
			);
			dependencies = (
				1848F0FC1CE1AD670008375C /* PBXTargetDependency */,
			);
			name = baiduMapDemoUITests;
			productName = baiduMapDemoUITests;
			productReference = 1848F0FA1CE1AD670008375C /* baiduMapDemoUITests.xctest */;
			productType = "com.apple.product-type.bundle.ui-testing";
		};
/* End PBXNativeTarget section */

/* Begin PBXProject section */
		1848F0CE1CE1AD660008375C /* Project object */ = {
			isa = PBXProject;
			attributes = {
				LastUpgradeCheck = 0720;
				ORGANIZATIONNAME = "何万牡";
				TargetAttributes = {
					1848F0D51CE1AD660008375C = {
						CreatedOnToolsVersion = 7.2;
					};
					1848F0EE1CE1AD660008375C = {
						CreatedOnToolsVersion = 7.2;
						TestTargetID = 1848F0D51CE1AD660008375C;
					};
					1848F0F91CE1AD670008375C = {
						CreatedOnToolsVersion = 7.2;
						TestTargetID = 1848F0D51CE1AD660008375C;
					};
				};
			};
			buildConfigurationList = 1848F0D11CE1AD660008375C /* Build configuration list for PBXProject "baiduMapDemo" */;
			compatibilityVersion = "Xcode 3.2";
			developmentRegion = English;
			hasScannedForEncodings = 0;
			knownRegions = (
				en,
				Base,
			);
			mainGroup = 1848F0CD1CE1AD660008375C;
			productRefGroup = 1848F0D71CE1AD660008375C /* Products */;
			projectDirPath = "";
			projectRoot = "";
			targets = (
				1848F0D51CE1AD660008375C /* baiduMapDemo */,
				1848F0EE1CE1AD660008375C /* baiduMapDemoTests */,
				1848F0F91CE1AD670008375C /* baiduMapDemoUITests */,
			);
		};
/* End PBXProject section */

/* Begin PBXResourcesBuildPhase section */
		1848F0D41CE1AD660008375C /* Resources */ = {
			isa = PBXResourcesBuildPhase;
			buildActionMask = 2147483647;
			files = (
				1848F0E91CE1AD660008375C /* LaunchScreen.storyboard in Resources */,
				1848F0E61CE1AD660008375C /* Assets.xcassets in Resources */,
				1848F0E41CE1AD660008375C /* Main.storyboard in Resources */,
			);
			runOnlyForDeploymentPostprocessing = 0;
		};
		1848F0ED1CE1AD660008375C /* Resources */ = {
			isa = PBXResourcesBuildPhase;
			buildActionMask = 2147483647;
			files = (
			);
			runOnlyForDeploymentPostprocessing = 0;
		};
		1848F0F81CE1AD670008375C /* Resources */ = {
			isa = PBXResourcesBuildPhase;
			buildActionMask = 2147483647;
			files = (
			);
			runOnlyForDeploymentPostprocessing = 0;
		};
/* End PBXResourcesBuildPhase section */

/* Begin PBXSourcesBuildPhase section */
		1848F0D21CE1AD660008375C /* Sources */ = {
			isa = PBXSourcesBuildPhase;
			buildActionMask = 2147483647;
			files = (
				1848F0E11CE1AD660008375C /* ViewController.m in Sources */,
				1848F0DE1CE1AD660008375C /* AppDelegate.m in Sources */,
				1848F0DB1CE1AD660008375C /* main.m in Sources */,
			);
			runOnlyForDeploymentPostprocessing = 0;
		};
		1848F0EB1CE1AD660008375C /* Sources */ = {
			isa = PBXSourcesBuildPhase;
			buildActionMask = 2147483647;
			files = (
				1848F0F41CE1AD660008375C /* baiduMapDemoTests.m in Sources */,
			);
			runOnlyForDeploymentPostprocessing = 0;
		};
		1848F0F61CE1AD670008375C /* Sources */ = {
			isa = PBXSourcesBuildPhase;
			buildActionMask = 2147483647;
			files = (
				1848F0FF1CE1AD670008375C /* baiduMapDemoUITests.m in Sources */,
			);
			runOnlyForDeploymentPostprocessing = 0;
		};
/* End PBXSourcesBuildPhase section */

/* Begin PBXTargetDependency section */
		1848F0F11CE1AD660008375C /* PBXTargetDependency */ = {
			isa = PBXTargetDependency;
			target = 1848F0D51CE1AD660008375C /* baiduMapDemo */;
			targetProxy = 1848F0F01CE1AD660008375C /* PBXContainerItemProxy */;
		};
		1848F0FC1CE1AD670008375C /* PBXTargetDependency */ = {
			isa = PBXTargetDependency;
			target = 1848F0D51CE1AD660008375C /* baiduMapDemo */;
			targetProxy = 1848F0FB1CE1AD670008375C /* PBXContainerItemProxy */;
		};
/* End PBXTargetDependency section */

/* Begin PBXVariantGroup section */
		1848F0E21CE1AD660008375C /* Main.storyboard */ = {
			isa = PBXVariantGroup;
			children = (
				1848F0E31CE1AD660008375C /* Base */,
			);
			name = Main.storyboard;
			sourceTree = "<group>";
		};
		1848F0E71CE1AD660008375C /* LaunchScreen.storyboard */ = {
			isa = PBXVariantGroup;
			children = (
				1848F0E81CE1AD660008375C /* Base */,
			);
			name = LaunchScreen.storyboard;
			sourceTree = "<group>";
		};
/* End PBXVariantGroup section */

/* Begin XCBuildConfiguration section */
		1848F1011CE1AD670008375C /* Debug */ = {
			isa = XCBuildConfiguration;
			buildSettings = {
				ALWAYS_SEARCH_USER_PATHS = NO;
				CLANG_CXX_LANGUAGE_STANDARD = "gnu++0x";
				CLANG_CXX_LIBRARY = "libc++";
				CLANG_ENABLE_MODULES = YES;
				CLANG_ENABLE_OBJC_ARC = YES;
				CLANG_WARN_BOOL_CONVERSION = YES;
				CLANG_WARN_CONSTANT_CONVERSION = YES;
				CLANG_WARN_DIRECT_OBJC_ISA_USAGE = YES_ERROR;
				CLANG_WARN_EMPTY_BODY = YES;
				CLANG_WARN_ENUM_CONVERSION = YES;
				CLANG_WARN_INT_CONVERSION = YES;
				CLANG_WARN_OBJC_ROOT_CLASS = YES_ERROR;
				CLANG_WARN_UNREACHABLE_CODE = YES;
				CLANG_WARN__DUPLICATE_METHOD_MATCH = YES;
				"CODE_SIGN_IDENTITY[sdk=iphoneos*]" = "iPhone Developer";
				COPY_PHASE_STRIP = NO;
				DEBUG_INFORMATION_FORMAT = dwarf;
				ENABLE_STRICT_OBJC_MSGSEND = YES;
				ENABLE_TESTABILITY = YES;
				GCC_C_LANGUAGE_STANDARD = gnu99;
				GCC_DYNAMIC_NO_PIC = NO;
				GCC_NO_COMMON_BLOCKS = YES;
				GCC_OPTIMIZATION_LEVEL = 0;
				GCC_PREPROCESSOR_DEFINITIONS = (
					"DEBUG=1",
					"$(inherited)",
				);
				GCC_WARN_64_TO_32_BIT_CONVERSION = YES;
				GCC_WARN_ABOUT_RETURN_TYPE = YES_ERROR;
				GCC_WARN_UNDECLARED_SELECTOR = YES;
				GCC_WARN_UNINITIALIZED_AUTOS = YES_AGGRESSIVE;
				GCC_WARN_UNUSED_FUNCTION = YES;
				GCC_WARN_UNUSED_VARIABLE = YES;
				IPHONEOS_DEPLOYMENT_TARGET = 9.2;
				MTL_ENABLE_DEBUG_INFO = YES;
				ONLY_ACTIVE_ARCH = YES;
				SDKROOT = iphoneos;
			};
			name = Debug;
		};
		1848F1021CE1AD670008375C /* Release */ = {
			isa = XCBuildConfiguration;
			buildSettings = {
				ALWAYS_SEARCH_USER_PATHS = NO;
				CLANG_CXX_LANGUAGE_STANDARD = "gnu++0x";
				CLANG_CXX_LIBRARY = "libc++";
				CLANG_ENABLE_MODULES = YES;
				CLANG_ENABLE_OBJC_ARC = YES;
				CLANG_WARN_BOOL_CONVERSION = YES;
				CLANG_WARN_CONSTANT_CONVERSION = YES;
				CLANG_WARN_DIRECT_OBJC_ISA_USAGE = YES_ERROR;
				CLANG_WARN_EMPTY_BODY = YES;
				CLANG_WARN_ENUM_CONVERSION = YES;
				CLANG_WARN_INT_CONVERSION = YES;
				CLANG_WARN_OBJC_ROOT_CLASS = YES_ERROR;
				CLANG_WARN_UNREACHABLE_CODE = YES;
				CLANG_WARN__DUPLICATE_METHOD_MATCH = YES;
				"CODE_SIGN_IDENTITY[sdk=iphoneos*]" = "iPhone Developer";
				COPY_PHASE_STRIP = NO;
				DEBUG_INFORMATION_FORMAT = "dwarf-with-dsym";
				ENABLE_NS_ASSERTIONS = NO;
				ENABLE_STRICT_OBJC_MSGSEND = YES;
				GCC_C_LANGUAGE_STANDARD = gnu99;
				GCC_NO_COMMON_BLOCKS = YES;
				GCC_WARN_64_TO_32_BIT_CONVERSION = YES;
				GCC_WARN_ABOUT_RETURN_TYPE = YES_ERROR;
				GCC_WARN_UNDECLARED_SELECTOR = YES;
				GCC_WARN_UNINITIALIZED_AUTOS = YES_AGGRESSIVE;
				GCC_WARN_UNUSED_FUNCTION = YES;
				GCC_WARN_UNUSED_VARIABLE = YES;
				IPHONEOS_DEPLOYMENT_TARGET = 9.2;
				MTL_ENABLE_DEBUG_INFO = NO;
				SDKROOT = iphoneos;
				VALIDATE_PRODUCT = YES;
			};
			name = Release;
		};
		1848F1041CE1AD670008375C /* Debug */ = {
			isa = XCBuildConfiguration;
			buildSettings = {
				ASSETCATALOG_COMPILER_APPICON_NAME = AppIcon;
				INFOPLIST_FILE = baiduMapDemo/Info.plist;
				LD_RUNPATH_SEARCH_PATHS = "$(inherited) @executable_path/Frameworks";
				PRODUCT_BUNDLE_IDENTIFIER = yiyuangou.baiduMapDemo;
				PRODUCT_NAME = "$(TARGET_NAME)";
			};
			name = Debug;
		};
		1848F1051CE1AD670008375C /* Release */ = {
			isa = XCBuildConfiguration;
			buildSettings = {
				ASSETCATALOG_COMPILER_APPICON_NAME = AppIcon;
				INFOPLIST_FILE = baiduMapDemo/Info.plist;
				LD_RUNPATH_SEARCH_PATHS = "$(inherited) @executable_path/Frameworks";
				PRODUCT_BUNDLE_IDENTIFIER = yiyuangou.baiduMapDemo;
				PRODUCT_NAME = "$(TARGET_NAME)";
			};
			name = Release;
		};
		1848F1071CE1AD670008375C /* Debug */ = {
			isa = XCBuildConfiguration;
			buildSettings = {
				BUNDLE_LOADER = "$(TEST_HOST)";
				INFOPLIST_FILE = baiduMapDemoTests/Info.plist;
				LD_RUNPATH_SEARCH_PATHS = "$(inherited) @executable_path/Frameworks @loader_path/Frameworks";
				PRODUCT_BUNDLE_IDENTIFIER = yiyuangou.baiduMapDemoTests;
				PRODUCT_NAME = "$(TARGET_NAME)";
				TEST_HOST = "$(BUILT_PRODUCTS_DIR)/baiduMapDemo.app/baiduMapDemo";
			};
			name = Debug;
		};
		1848F1081CE1AD670008375C /* Release */ = {
			isa = XCBuildConfiguration;
			buildSettings = {
				BUNDLE_LOADER = "$(TEST_HOST)";
				INFOPLIST_FILE = baiduMapDemoTests/Info.plist;
				LD_RUNPATH_SEARCH_PATHS = "$(inherited) @executable_path/Frameworks @loader_path/Frameworks";
				PRODUCT_BUNDLE_IDENTIFIER = yiyuangou.baiduMapDemoTests;
				PRODUCT_NAME = "$(TARGET_NAME)";
				TEST_HOST = "$(BUILT_PRODUCTS_DIR)/baiduMapDemo.app/baiduMapDemo";
			};
			name = Release;
		};
		1848F10A1CE1AD670008375C /* Debug */ = {
			isa = XCBuildConfiguration;
			buildSettings = {
				INFOPLIST_FILE = baiduMapDemoUITests/Info.plist;
				LD_RUNPATH_SEARCH_PATHS = "$(inherited) @executable_path/Frameworks @loader_path/Frameworks";
				PRODUCT_BUNDLE_IDENTIFIER = yiyuangou.baiduMapDemoUITests;
				PRODUCT_NAME = "$(TARGET_NAME)";
				TEST_TARGET_NAME = baiduMapDemo;
				USES_XCTRUNNER = YES;
			};
			name = Debug;
		};
		1848F10B1CE1AD670008375C /* Release */ = {
			isa = XCBuildConfiguration;
			buildSettings = {
				INFOPLIST_FILE = baiduMapDemoUITests/Info.plist;
				LD_RUNPATH_SEARCH_PATHS = "$(inherited) @executable_path/Frameworks @loader_path/Frameworks";
				PRODUCT_BUNDLE_IDENTIFIER = yiyuangou.baiduMapDemoUITests;
				PRODUCT_NAME = "$(TARGET_NAME)";
				TEST_TARGET_NAME = baiduMapDemo;
				USES_XCTRUNNER = YES;
			};
			name = Release;
		};
/* End XCBuildConfiguration section */

/* Begin XCConfigurationList section */
		1848F0D11CE1AD660008375C /* Build configuration list for PBXProject "baiduMapDemo" */ = {
			isa = XCConfigurationList;
			buildConfigurations = (
				1848F1011CE1AD670008375C /* Debug */,
				1848F1021CE1AD670008375C /* Release */,
			);
			defaultConfigurationIsVisible = 0;
			defaultConfigurationName = Release;
		};
		1848F1031CE1AD670008375C /* Build configuration list for PBXNativeTarget "baiduMapDemo" */ = {
			isa = XCConfigurationList;
			buildConfigurations = (
				1848F1041CE1AD670008375C /* Debug */,
				1848F1051CE1AD670008375C /* Release */,
			);
			defaultConfigurationIsVisible = 0;
		};
		1848F1061CE1AD670008375C /* Build configuration list for PBXNativeTarget "baiduMapDemoTests" */ = {
			isa = XCConfigurationList;
			buildConfigurations = (
				1848F1071CE1AD670008375C /* Debug */,
				1848F1081CE1AD670008375C /* Release */,
			);
			defaultConfigurationIsVisible = 0;
		};
		1848F1091CE1AD670008375C /* Build configuration list for PBXNativeTarget "baiduMapDemoUITests" */ = {
			isa = XCConfigurationList;
			buildConfigurations = (
				1848F10A1CE1AD670008375C /* Debug */,
				1848F10B1CE1AD670008375C /* Release */,
			);
			defaultConfigurationIsVisible = 0;
		};
/* End XCConfigurationList section */
	};
	rootObject = 1848F0CE1CE1AD660008375C /* Project object */;
}
